// !$*UTF8*$!
{
	archiveVersion = 1;
	classes = {
	};
	objectVersion = 48;
	objects = {

/* Begin PBXBuildFile section */
		39B25262A8570620015FBF0A /* Pods_VIPTest.framework in Frameworks */ = {isa = PBXBuildFile; fileRef = C139638AD5138E7FC997F44B /* Pods_VIPTest.framework */; };
		CA5F0E0C1F9D188F00B3A736 /* GIPHYAPIWorker.swift in Sources */ = {isa = PBXBuildFile; fileRef = CA5F0E0B1F9D188F00B3A736 /* GIPHYAPIWorker.swift */; };
		CA5F0E0E1F9D44EC00B3A736 /* GIPHYCollectionViewCell.swift in Sources */ = {isa = PBXBuildFile; fileRef = CA5F0E0D1F9D44EC00B3A736 /* GIPHYCollectionViewCell.swift */; };
		CA5FF09F1F9CDCB600013D24 /* GIPHYWorker.swift in Sources */ = {isa = PBXBuildFile; fileRef = CA5FF09E1F9CDCB600013D24 /* GIPHYWorker.swift */; };
		CA5FF0A51F9CF6F600013D24 /* GIPHY.swift in Sources */ = {isa = PBXBuildFile; fileRef = CA5FF0A41F9CF6F600013D24 /* GIPHY.swift */; };
		CA5FF0A71F9CF70900013D24 /* ManagedGIPHY.swift in Sources */ = {isa = PBXBuildFile; fileRef = CA5FF0A61F9CF70900013D24 /* ManagedGIPHY.swift */; };
		CA5FF0AB1F9CFE7600013D24 /* GiphiesMemStore.swift in Sources */ = {isa = PBXBuildFile; fileRef = CA5FF0AA1F9CFE7600013D24 /* GiphiesMemStore.swift */; };
		CA5FF0AD1F9D06FF00013D24 /* GiphiesCoreDataStore.swift in Sources */ = {isa = PBXBuildFile; fileRef = CA5FF0AC1F9D06FF00013D24 /* GiphiesCoreDataStore.swift */; };
		CA5FF0AF1F9D0A4700013D24 /* ManagedGIPHY+CoreDataProperties.swift in Sources */ = {isa = PBXBuildFile; fileRef = CA5FF0AE1F9D0A4700013D24 /* ManagedGIPHY+CoreDataProperties.swift */; };
		CA662B971F9BED740047BA2B /* ShowGIPHYInteractor.swift in Sources */ = {isa = PBXBuildFile; fileRef = CA662B961F9BED740047BA2B /* ShowGIPHYInteractor.swift */; };
		CA662B991F9BEDB10047BA2B /* ShowGIPHYModels.swift in Sources */ = {isa = PBXBuildFile; fileRef = CA662B981F9BEDB10047BA2B /* ShowGIPHYModels.swift */; };
		CA662B9B1F9BEDC40047BA2B /* ShowGIPHYPresenter.swift in Sources */ = {isa = PBXBuildFile; fileRef = CA662B9A1F9BEDC40047BA2B /* ShowGIPHYPresenter.swift */; };
		CA662B9D1F9BEE0D0047BA2B /* ShowGIPHYViewController.swift in Sources */ = {isa = PBXBuildFile; fileRef = CA662B9C1F9BEE0D0047BA2B /* ShowGIPHYViewController.swift */; };
		CA662BA01F9BEE370047BA2B /* ShowGIPHYWorker.swift in Sources */ = {isa = PBXBuildFile; fileRef = CA662B9F1F9BEE370047BA2B /* ShowGIPHYWorker.swift */; };
		CA662BA21F9BEEA40047BA2B /* ShowGIPHYRouter.swift in Sources */ = {isa = PBXBuildFile; fileRef = CA662BA11F9BEEA40047BA2B /* ShowGIPHYRouter.swift */; };
		CA662BA51F9BEEE90047BA2B /* ListGIPHYsInteractor.swift in Sources */ = {isa = PBXBuildFile; fileRef = CA662BA41F9BEEE90047BA2B /* ListGIPHYsInteractor.swift */; };
		CA662BA71F9BEF020047BA2B /* ListGIPHYsModels.swift in Sources */ = {isa = PBXBuildFile; fileRef = CA662BA61F9BEF020047BA2B /* ListGIPHYsModels.swift */; };
		CA662BA91F9BEF0D0047BA2B /* ListGIPHYsPresenter.swift in Sources */ = {isa = PBXBuildFile; fileRef = CA662BA81F9BEF0D0047BA2B /* ListGIPHYsPresenter.swift */; };
		CA662BAC1F9BEF1E0047BA2B /* ListGIPHYsViewController.swift in Sources */ = {isa = PBXBuildFile; fileRef = CA662BAB1F9BEF1E0047BA2B /* ListGIPHYsViewController.swift */; };
		CA662BAF1F9BEF390047BA2B /* ListGIPHYsWorker.swift in Sources */ = {isa = PBXBuildFile; fileRef = CA662BAE1F9BEF390047BA2B /* ListGIPHYsWorker.swift */; };
		CA662BB11F9BEF4C0047BA2B /* ListGIPHYsRouter.swift in Sources */ = {isa = PBXBuildFile; fileRef = CA662BB01F9BEF4C0047BA2B /* ListGIPHYsRouter.swift */; };
		CA6C6B831F9BC23B0025933B /* AppDelegate.swift in Sources */ = {isa = PBXBuildFile; fileRef = CA6C6B821F9BC23B0025933B /* AppDelegate.swift */; };
		CA6C6B851F9BC23B0025933B /* ViewController.swift in Sources */ = {isa = PBXBuildFile; fileRef = CA6C6B841F9BC23B0025933B /* ViewController.swift */; };
		CA6C6B881F9BC23B0025933B /* Main.storyboard in Resources */ = {isa = PBXBuildFile; fileRef = CA6C6B861F9BC23B0025933B /* Main.storyboard */; };
		CA6C6B8B1F9BC23B0025933B /* VIPTest.xcdatamodeld in Sources */ = {isa = PBXBuildFile; fileRef = CA6C6B891F9BC23B0025933B /* VIPTest.xcdatamodeld */; };
		CA6C6B8D1F9BC23C0025933B /* Assets.xcassets in Resources */ = {isa = PBXBuildFile; fileRef = CA6C6B8C1F9BC23C0025933B /* Assets.xcassets */; };
		CA6C6B901F9BC23C0025933B /* LaunchScreen.storyboard in Resources */ = {isa = PBXBuildFile; fileRef = CA6C6B8E1F9BC23C0025933B /* LaunchScreen.storyboard */; };
/* End PBXBuildFile section */

/* Begin PBXFileReference section */
		5BAA1EB021BDBC99D1EF7691 /* Pods-VIPTest.release.xcconfig */ = {isa = PBXFileReference; includeInIndex = 1; lastKnownFileType = text.xcconfig; name = "Pods-VIPTest.release.xcconfig"; path = "Pods/Target Support Files/Pods-VIPTest/Pods-VIPTest.release.xcconfig"; sourceTree = "<group>"; };
		C139638AD5138E7FC997F44B /* Pods_VIPTest.framework */ = {isa = PBXFileReference; explicitFileType = wrapper.framework; includeInIndex = 0; path = Pods_VIPTest.framework; sourceTree = BUILT_PRODUCTS_DIR; };
		CA5F0E0B1F9D188F00B3A736 /* GIPHYAPIWorker.swift */ = {isa = PBXFileReference; lastKnownFileType = sourcecode.swift; path = GIPHYAPIWorker.swift; sourceTree = "<group>"; };
		CA5F0E0D1F9D44EC00B3A736 /* GIPHYCollectionViewCell.swift */ = {isa = PBXFileReference; lastKnownFileType = sourcecode.swift; path = GIPHYCollectionViewCell.swift; sourceTree = "<group>"; };
		CA5FF09E1F9CDCB600013D24 /* GIPHYWorker.swift */ = {isa = PBXFileReference; lastKnownFileType = sourcecode.swift; path = GIPHYWorker.swift; sourceTree = "<group>"; };
		CA5FF0A41F9CF6F600013D24 /* GIPHY.swift */ = {isa = PBXFileReference; lastKnownFileType = sourcecode.swift; path = GIPHY.swift; sourceTree = "<group>"; };
		CA5FF0A61F9CF70900013D24 /* ManagedGIPHY.swift */ = {isa = PBXFileReference; lastKnownFileType = sourcecode.swift; path = ManagedGIPHY.swift; sourceTree = "<group>"; };
		CA5FF0AA1F9CFE7600013D24 /* GiphiesMemStore.swift */ = {isa = PBXFileReference; lastKnownFileType = sourcecode.swift; path = GiphiesMemStore.swift; sourceTree = "<group>"; };
		CA5FF0AC1F9D06FF00013D24 /* GiphiesCoreDataStore.swift */ = {isa = PBXFileReference; lastKnownFileType = sourcecode.swift; path = GiphiesCoreDataStore.swift; sourceTree = "<group>"; };
		CA5FF0AE1F9D0A4700013D24 /* ManagedGIPHY+CoreDataProperties.swift */ = {isa = PBXFileReference; lastKnownFileType = sourcecode.swift; path = "ManagedGIPHY+CoreDataProperties.swift"; sourceTree = "<group>"; };
		CA662B961F9BED740047BA2B /* ShowGIPHYInteractor.swift */ = {isa = PBXFileReference; lastKnownFileType = sourcecode.swift; path = ShowGIPHYInteractor.swift; sourceTree = "<group>"; };
		CA662B981F9BEDB10047BA2B /* ShowGIPHYModels.swift */ = {isa = PBXFileReference; lastKnownFileType = sourcecode.swift; path = ShowGIPHYModels.swift; sourceTree = "<group>"; };
		CA662B9A1F9BEDC40047BA2B /* ShowGIPHYPresenter.swift */ = {isa = PBXFileReference; lastKnownFileType = sourcecode.swift; path = ShowGIPHYPresenter.swift; sourceTree = "<group>"; };
		CA662B9C1F9BEE0D0047BA2B /* ShowGIPHYViewController.swift */ = {isa = PBXFileReference; lastKnownFileType = sourcecode.swift; path = ShowGIPHYViewController.swift; sourceTree = "<group>"; };
		CA662B9F1F9BEE370047BA2B /* ShowGIPHYWorker.swift */ = {isa = PBXFileReference; lastKnownFileType = sourcecode.swift; path = ShowGIPHYWorker.swift; sourceTree = "<group>"; };
		CA662BA11F9BEEA40047BA2B /* ShowGIPHYRouter.swift */ = {isa = PBXFileReference; lastKnownFileType = sourcecode.swift; path = ShowGIPHYRouter.swift; sourceTree = "<group>"; };
		CA662BA41F9BEEE90047BA2B /* ListGIPHYsInteractor.swift */ = {isa = PBXFileReference; lastKnownFileType = sourcecode.swift; path = ListGIPHYsInteractor.swift; sourceTree = "<group>"; };
		CA662BA61F9BEF020047BA2B /* ListGIPHYsModels.swift */ = {isa = PBXFileReference; lastKnownFileType = sourcecode.swift; path = ListGIPHYsModels.swift; sourceTree = "<group>"; };
		CA662BA81F9BEF0D0047BA2B /* ListGIPHYsPresenter.swift */ = {isa = PBXFileReference; lastKnownFileType = sourcecode.swift; path = ListGIPHYsPresenter.swift; sourceTree = "<group>"; };
		CA662BAB1F9BEF1E0047BA2B /* ListGIPHYsViewController.swift */ = {isa = PBXFileReference; lastKnownFileType = sourcecode.swift; path = ListGIPHYsViewController.swift; sourceTree = "<group>"; };
		CA662BAE1F9BEF390047BA2B /* ListGIPHYsWorker.swift */ = {isa = PBXFileReference; lastKnownFileType = sourcecode.swift; path = ListGIPHYsWorker.swift; sourceTree = "<group>"; };
		CA662BB01F9BEF4C0047BA2B /* ListGIPHYsRouter.swift */ = {isa = PBXFileReference; lastKnownFileType = sourcecode.swift; path = ListGIPHYsRouter.swift; sourceTree = "<group>"; };
		CA6C6B7F1F9BC23B0025933B /* VIPTest.app */ = {isa = PBXFileReference; explicitFileType = wrapper.application; includeInIndex = 0; path = VIPTest.app; sourceTree = BUILT_PRODUCTS_DIR; };
		CA6C6B821F9BC23B0025933B /* AppDelegate.swift */ = {isa = PBXFileReference; lastKnownFileType = sourcecode.swift; path = AppDelegate.swift; sourceTree = "<group>"; };
		CA6C6B841F9BC23B0025933B /* ViewController.swift */ = {isa = PBXFileReference; lastKnownFileType = sourcecode.swift; path = ViewController.swift; sourceTree = "<group>"; };
		CA6C6B871F9BC23B0025933B /* Base */ = {isa = PBXFileReference; lastKnownFileType = file.storyboard; name = Base; path = Base.lproj/Main.storyboard; sourceTree = "<group>"; };
		CA6C6B8A1F9BC23B0025933B /* VIPTest.xcdatamodel */ = {isa = PBXFileReference; lastKnownFileType = wrapper.xcdatamodel; path = VIPTest.xcdatamodel; sourceTree = "<group>"; };
		CA6C6B8C1F9BC23C0025933B /* Assets.xcassets */ = {isa = PBXFileReference; lastKnownFileType = folder.assetcatalog; path = Assets.xcassets; sourceTree = "<group>"; };
		CA6C6B8F1F9BC23C0025933B /* Base */ = {isa = PBXFileReference; lastKnownFileType = file.storyboard; name = Base; path = Base.lproj/LaunchScreen.storyboard; sourceTree = "<group>"; };
		CA6C6B911F9BC23C0025933B /* Info.plist */ = {isa = PBXFileReference; lastKnownFileType = text.plist.xml; path = Info.plist; sourceTree = "<group>"; };
		EABD5876B8DDE137F70E688D /* Pods-VIPTest.debug.xcconfig */ = {isa = PBXFileReference; includeInIndex = 1; lastKnownFileType = text.xcconfig; name = "Pods-VIPTest.debug.xcconfig"; path = "Pods/Target Support Files/Pods-VIPTest/Pods-VIPTest.debug.xcconfig"; sourceTree = "<group>"; };
/* End PBXFileReference section */

/* Begin PBXFrameworksBuildPhase section */
		CA6C6B7C1F9BC23B0025933B /* Frameworks */ = {
			isa = PBXFrameworksBuildPhase;
			buildActionMask = 2147483647;
			files = (
				39B25262A8570620015FBF0A /* Pods_VIPTest.framework in Frameworks */,
			);
			runOnlyForDeploymentPostprocessing = 0;
		};
/* End PBXFrameworksBuildPhase section */

/* Begin PBXGroup section */
		A655B45531248B9C6D9652CA /* Frameworks */ = {
			isa = PBXGroup;
			children = (
				C139638AD5138E7FC997F44B /* Pods_VIPTest.framework */,
			);
			name = Frameworks;
			sourceTree = "<group>";
		};
		CA662B8F1F9BEC660047BA2B /* Models */ = {
			isa = PBXGroup;
			children = (
				CA5FF0AE1F9D0A4700013D24 /* ManagedGIPHY+CoreDataProperties.swift */,
				CA5FF0A61F9CF70900013D24 /* ManagedGIPHY.swift */,
				CA5FF0A41F9CF6F600013D24 /* GIPHY.swift */,
			);
			path = Models;
			sourceTree = "<group>";
		};
		CA662B901F9BEC750047BA2B /* Services */ = {
			isa = PBXGroup;
			children = (
				CA5FF0AA1F9CFE7600013D24 /* GiphiesMemStore.swift */,
				CA5FF0AC1F9D06FF00013D24 /* GiphiesCoreDataStore.swift */,
			);
			path = Services;
			sourceTree = "<group>";
		};
		CA662B911F9BEC810047BA2B /* Workers */ = {
			isa = PBXGroup;
			children = (
				CA5FF09E1F9CDCB600013D24 /* GIPHYWorker.swift */,
				CA5F0E0B1F9D188F00B3A736 /* GIPHYAPIWorker.swift */,
			);
			path = Workers;
			sourceTree = "<group>";
		};
		CA662B921F9BEC9C0047BA2B /* Scenes */ = {
			isa = PBXGroup;
			children = (
				CA662BA31F9BEEBF0047BA2B /* ListGIPHYs */,
				CA662B951F9BED090047BA2B /* ShowGIPHY */,
			);
			path = Scenes;
			sourceTree = "<group>";
		};
		CA662B951F9BED090047BA2B /* ShowGIPHY */ = {
			isa = PBXGroup;
			children = (
				CA662B961F9BED740047BA2B /* ShowGIPHYInteractor.swift */,
				CA662B981F9BEDB10047BA2B /* ShowGIPHYModels.swift */,
				CA662B9A1F9BEDC40047BA2B /* ShowGIPHYPresenter.swift */,
				CA662B9C1F9BEE0D0047BA2B /* ShowGIPHYViewController.swift */,
				CA662B9F1F9BEE370047BA2B /* ShowGIPHYWorker.swift */,
				CA662BA11F9BEEA40047BA2B /* ShowGIPHYRouter.swift */,
			);
			path = ShowGIPHY;
			sourceTree = "<group>";
		};
		CA662BA31F9BEEBF0047BA2B /* ListGIPHYs */ = {
			isa = PBXGroup;
			children = (
				CA662BA41F9BEEE90047BA2B /* ListGIPHYsInteractor.swift */,
				CA662BA61F9BEF020047BA2B /* ListGIPHYsModels.swift */,
				CA662BA81F9BEF0D0047BA2B /* ListGIPHYsPresenter.swift */,
				CA662BAB1F9BEF1E0047BA2B /* ListGIPHYsViewController.swift */,
				CA662BAE1F9BEF390047BA2B /* ListGIPHYsWorker.swift */,
				CA662BB01F9BEF4C0047BA2B /* ListGIPHYsRouter.swift */,
			);
			path = ListGIPHYs;
			sourceTree = "<group>";
		};
		CA6C6B761F9BC23B0025933B = {
			isa = PBXGroup;
			children = (
				CA6C6B811F9BC23B0025933B /* VIPTest */,
				CA6C6B801F9BC23B0025933B /* Products */,
				FD36A04F426E81DF90214557 /* Pods */,
				A655B45531248B9C6D9652CA /* Frameworks */,
			);
			sourceTree = "<group>";
		};
		CA6C6B801F9BC23B0025933B /* Products */ = {
			isa = PBXGroup;
			children = (
				CA6C6B7F1F9BC23B0025933B /* VIPTest.app */,
			);
			name = Products;
			sourceTree = "<group>";
		};
		CA6C6B811F9BC23B0025933B /* VIPTest */ = {
			isa = PBXGroup;
			children = (
				CA662B8F1F9BEC660047BA2B /* Models */,
				CA662B901F9BEC750047BA2B /* Services */,
				CA662B911F9BEC810047BA2B /* Workers */,
				CA662B921F9BEC9C0047BA2B /* Scenes */,
				CA6C6B821F9BC23B0025933B /* AppDelegate.swift */,
				CA5F0E0D1F9D44EC00B3A736 /* GIPHYCollectionViewCell.swift */,
				CA6C6B841F9BC23B0025933B /* ViewController.swift */,
				CA6C6B861F9BC23B0025933B /* Main.storyboard */,
				CA6C6B8C1F9BC23C0025933B /* Assets.xcassets */,
				CA6C6B8E1F9BC23C0025933B /* LaunchScreen.storyboard */,
				CA6C6B911F9BC23C0025933B /* Info.plist */,
				CA6C6B891F9BC23B0025933B /* VIPTest.xcdatamodeld */,
			);
			path = VIPTest;
			sourceTree = "<group>";
		};
		FD36A04F426E81DF90214557 /* Pods */ = {
			isa = PBXGroup;
			children = (
				EABD5876B8DDE137F70E688D /* Pods-VIPTest.debug.xcconfig */,
				5BAA1EB021BDBC99D1EF7691 /* Pods-VIPTest.release.xcconfig */,
			);
			name = Pods;
			sourceTree = "<group>";
		};
/* End PBXGroup section */

/* Begin PBXNativeTarget section */
		CA6C6B7E1F9BC23B0025933B /* VIPTest */ = {
			isa = PBXNativeTarget;
			buildConfigurationList = CA6C6B941F9BC23C0025933B /* Build configuration list for PBXNativeTarget "VIPTest" */;
			buildPhases = (
				6B04FFD803A7A95339413BB7 /* [CP] Check Pods Manifest.lock */,
				CA6C6B7B1F9BC23B0025933B /* Sources */,
				CA6C6B7C1F9BC23B0025933B /* Frameworks */,
				CA6C6B7D1F9BC23B0025933B /* Resources */,
				56F5A079A60A1274E08659E9 /* [CP] Embed Pods Frameworks */,
				6676A5A97C9148EC56B2B8D8 /* [CP] Copy Pods Resources */,
			);
			buildRules = (
			);
			dependencies = (
			);
			name = VIPTest;
			productName = VIPTest;
			productReference = CA6C6B7F1F9BC23B0025933B /* VIPTest.app */;
			productType = "com.apple.product-type.application";
		};
/* End PBXNativeTarget section */

/* Begin PBXProject section */
		CA6C6B771F9BC23B0025933B /* Project object */ = {
			isa = PBXProject;
			attributes = {
				LastSwiftUpdateCheck = 0900;
				LastUpgradeCheck = 0900;
				ORGANIZATIONNAME = KoshelGROUP;
				TargetAttributes = {
					CA6C6B7E1F9BC23B0025933B = {
						CreatedOnToolsVersion = 9.0;
						ProvisioningStyle = Automatic;
					};
				};
			};
			buildConfigurationList = CA6C6B7A1F9BC23B0025933B /* Build configuration list for PBXProject "VIPTest" */;
			compatibilityVersion = "Xcode 8.0";
			developmentRegion = en;
			hasScannedForEncodings = 0;
			knownRegions = (
				en,
				Base,
			);
			mainGroup = CA6C6B761F9BC23B0025933B;
			productRefGroup = CA6C6B801F9BC23B0025933B /* Products */;
			projectDirPath = "";
			projectRoot = "";
			targets = (
				CA6C6B7E1F9BC23B0025933B /* VIPTest */,
			);
		};
/* End PBXProject section */

/* Begin PBXResourcesBuildPhase section */
		CA6C6B7D1F9BC23B0025933B /* Resources */ = {
			isa = PBXResourcesBuildPhase;
			buildActionMask = 2147483647;
			files = (
				CA6C6B901F9BC23C0025933B /* LaunchScreen.storyboard in Resources */,
				CA6C6B8D1F9BC23C0025933B /* Assets.xcassets in Resources */,
				CA6C6B881F9BC23B0025933B /* Main.storyboard in Resources */,
			);
			runOnlyForDeploymentPostprocessing = 0;
		};
/* End PBXResourcesBuildPhase section */

/* Begin PBXShellScriptBuildPhase section */
		56F5A079A60A1274E08659E9 /* [CP] Embed Pods Frameworks */ = {
			isa = PBXShellScriptBuildPhase;
			buildActionMask = 2147483647;
			files = (
			);
			inputPaths = (
			);
			name = "[CP] Embed Pods Frameworks";
			outputPaths = (
			);
			runOnlyForDeploymentPostprocessing = 0;
			shellPath = /bin/sh;
			shellScript = "\"${SRCROOT}/Pods/Target Support Files/Pods-VIPTest/Pods-VIPTest-frameworks.sh\"\n";
			showEnvVarsInLog = 0;
		};
		6676A5A97C9148EC56B2B8D8 /* [CP] Copy Pods Resources */ = {
			isa = PBXShellScriptBuildPhase;
			buildActionMask = 2147483647;
			files = (
			);
			inputPaths = (
			);
			name = "[CP] Copy Pods Resources";
			outputPaths = (
			);
			runOnlyForDeploymentPostprocessing = 0;
			shellPath = /bin/sh;
			shellScript = "\"${SRCROOT}/Pods/Target Support Files/Pods-VIPTest/Pods-VIPTest-resources.sh\"\n";
			showEnvVarsInLog = 0;
		};
		6B04FFD803A7A95339413BB7 /* [CP] Check Pods Manifest.lock */ = {
			isa = PBXShellScriptBuildPhase;
			buildActionMask = 2147483647;
			files = (
			);
			inputPaths = (
			);
			name = "[CP] Check Pods Manifest.lock";
			outputPaths = (
			);
			runOnlyForDeploymentPostprocessing = 0;
			shellPath = /bin/sh;
			shellScript = "diff \"${PODS_PODFILE_DIR_PATH}/Podfile.lock\" \"${PODS_ROOT}/Manifest.lock\" > /dev/null\nif [ $? != 0 ] ; then\n    # print error to STDERR\n    echo \"error: The sandbox is not in sync with the Podfile.lock. Run 'pod install' or update your CocoaPods installation.\" >&2\n    exit 1\nfi\n";
			showEnvVarsInLog = 0;
		};
/* End PBXShellScriptBuildPhase section */

/* Begin PBXSourcesBuildPhase section */
		CA6C6B7B1F9BC23B0025933B /* Sources */ = {
			isa = PBXSourcesBuildPhase;
			buildActionMask = 2147483647;
			files = (
				CA662BA51F9BEEE90047BA2B /* ListGIPHYsInteractor.swift in Sources */,
				CA5F0E0E1F9D44EC00B3A736 /* GIPHYCollectionViewCell.swift in Sources */,
				CA6C6B851F9BC23B0025933B /* ViewController.swift in Sources */,
				CA5FF0AD1F9D06FF00013D24 /* GiphiesCoreDataStore.swift in Sources */,
				CA662B971F9BED740047BA2B /* ShowGIPHYInteractor.swift in Sources */,
				CA5FF0AB1F9CFE7600013D24 /* GiphiesMemStore.swift in Sources */,
				CA662BAF1F9BEF390047BA2B /* ListGIPHYsWorker.swift in Sources */,
				CA662BB11F9BEF4C0047BA2B /* ListGIPHYsRouter.swift in Sources */,
				CA662BAC1F9BEF1E0047BA2B /* ListGIPHYsViewController.swift in Sources */,
				CA662BA71F9BEF020047BA2B /* ListGIPHYsModels.swift in Sources */,
				CA5FF09F1F9CDCB600013D24 /* GIPHYWorker.swift in Sources */,
				CA662BA91F9BEF0D0047BA2B /* ListGIPHYsPresenter.swift in Sources */,
				CA662B9D1F9BEE0D0047BA2B /* ShowGIPHYViewController.swift in Sources */,
				CA5FF0AF1F9D0A4700013D24 /* ManagedGIPHY+CoreDataProperties.swift in Sources */,
				CA6C6B831F9BC23B0025933B /* AppDelegate.swift in Sources */,
				CA5FF0A51F9CF6F600013D24 /* GIPHY.swift in Sources */,
				CA662BA21F9BEEA40047BA2B /* ShowGIPHYRouter.swift in Sources */,
				CA5F0E0C1F9D188F00B3A736 /* GIPHYAPIWorker.swift in Sources */,
				CA662BA01F9BEE370047BA2B /* ShowGIPHYWorker.swift in Sources */,
				CA662B9B1F9BEDC40047BA2B /* ShowGIPHYPresenter.swift in Sources */,
				CA5FF0A71F9CF70900013D24 /* ManagedGIPHY.swift in Sources */,
				CA6C6B8B1F9BC23B0025933B /* VIPTest.xcdatamodeld in Sources */,
				CA662B991F9BEDB10047BA2B /* ShowGIPHYModels.swift in Sources */,
			);
			runOnlyForDeploymentPostprocessing = 0;
		};
/* End PBXSourcesBuildPhase section */

/* Begin PBXVariantGroup section */
		CA6C6B861F9BC23B0025933B /* Main.storyboard */ = {
			isa = PBXVariantGroup;
			children = (
				CA6C6B871F9BC23B0025933B /* Base */,
			);
			name = Main.storyboard;
			sourceTree = "<group>";
		};
		CA6C6B8E1F9BC23C0025933B /* LaunchScreen.storyboard */ = {
			isa = PBXVariantGroup;
			children = (
				CA6C6B8F1F9BC23C0025933B /* Base */,
			);
			name = LaunchScreen.storyboard;
			sourceTree = "<group>";
		};
/* End PBXVariantGroup section */

/* Begin XCBuildConfiguration section */
		CA6C6B921F9BC23C0025933B /* Debug */ = {
			isa = XCBuildConfiguration;
			buildSettings = {
				ALWAYS_SEARCH_USER_PATHS = NO;
				CLANG_ANALYZER_NONNULL = YES;
				CLANG_ANALYZER_NUMBER_OBJECT_CONVERSION = YES_AGGRESSIVE;
				CLANG_CXX_LANGUAGE_STANDARD = "gnu++14";
				CLANG_CXX_LIBRARY = "libc++";
				CLANG_ENABLE_MODULES = YES;
				CLANG_ENABLE_OBJC_ARC = YES;
				CLANG_WARN_BLOCK_CAPTURE_AUTORELEASING = YES;
				CLANG_WARN_BOOL_CONVERSION = YES;
				CLANG_WARN_COMMA = YES;
				CLANG_WARN_CONSTANT_CONVERSION = YES;
				CLANG_WARN_DIRECT_OBJC_ISA_USAGE = YES_ERROR;
				CLANG_WARN_DOCUMENTATION_COMMENTS = YES;
				CLANG_WARN_EMPTY_BODY = YES;
				CLANG_WARN_ENUM_CONVERSION = YES;
				CLANG_WARN_INFINITE_RECURSION = YES;
				CLANG_WARN_INT_CONVERSION = YES;
				CLANG_WARN_NON_LITERAL_NULL_CONVERSION = YES;
				CLANG_WARN_OBJC_LITERAL_CONVERSION = YES;
				CLANG_WARN_OBJC_ROOT_CLASS = YES_ERROR;
				CLANG_WARN_RANGE_LOOP_ANALYSIS = YES;
				CLANG_WARN_STRICT_PROTOTYPES = YES;
				CLANG_WARN_SUSPICIOUS_MOVE = YES;
				CLANG_WARN_UNGUARDED_AVAILABILITY = YES_AGGRESSIVE;
				CLANG_WARN_UNREACHABLE_CODE = YES;
				CLANG_WARN__DUPLICATE_METHOD_MATCH = YES;
				CODE_SIGN_IDENTITY = "iPhone Developer";
				COPY_PHASE_STRIP = NO;
				DEBUG_INFORMATION_FORMAT = dwarf;
				ENABLE_STRICT_OBJC_MSGSEND = YES;
				ENABLE_TESTABILITY = YES;
				GCC_C_LANGUAGE_STANDARD = gnu11;
				GCC_DYNAMIC_NO_PIC = NO;
				GCC_NO_COMMON_BLOCKS = YES;
				GCC_OPTIMIZATION_LEVEL = 0;
				GCC_PREPROCESSOR_DEFINITIONS = (
					"DEBUG=1",
					"$(inherited)",
				);
				GCC_WARN_64_TO_32_BIT_CONVERSION = YES;
				GCC_WARN_ABOUT_RETURN_TYPE = YES_ERROR;
				GCC_WARN_UNDECLARED_SELECTOR = YES;
				GCC_WARN_UNINITIALIZED_AUTOS = YES_AGGRESSIVE;
				GCC_WARN_UNUSED_FUNCTION = YES;
				GCC_WARN_UNUSED_VARIABLE = YES;
				IPHONEOS_DEPLOYMENT_TARGET = 11.0;
				MTL_ENABLE_DEBUG_INFO = YES;
				ONLY_ACTIVE_ARCH = YES;
				SDKROOT = iphoneos;
				SWIFT_ACTIVE_COMPILATION_CONDITIONS = DEBUG;
				SWIFT_OPTIMIZATION_LEVEL = "-Onone";
			};
			name = Debug;
		};
		CA6C6B931F9BC23C0025933B /* Release */ = {
			isa = XCBuildConfiguration;
			buildSettings = {
				ALWAYS_SEARCH_USER_PATHS = NO;
				CLANG_ANALYZER_NONNULL = YES;
				CLANG_ANALYZER_NUMBER_OBJECT_CONVERSION = YES_AGGRESSIVE;
				CLANG_CXX_LANGUAGE_STANDARD = "gnu++14";
				CLANG_CXX_LIBRARY = "libc++";
				CLANG_ENABLE_MODULES = YES;
				CLANG_ENABLE_OBJC_ARC = YES;
				CLANG_WARN_BLOCK_CAPTURE_AUTORELEASING = YES;
				CLANG_WARN_BOOL_CONVERSION = YES;
				CLANG_WARN_COMMA = YES;
				CLANG_WARN_CONSTANT_CONVERSION = YES;
				CLANG_WARN_DIRECT_OBJC_ISA_USAGE = YES_ERROR;
				CLANG_WARN_DOCUMENTATION_COMMENTS = YES;
				CLANG_WARN_EMPTY_BODY = YES;
				CLANG_WARN_ENUM_CONVERSION = YES;
				CLANG_WARN_INFINITE_RECURSION = YES;
				CLANG_WARN_INT_CONVERSION = YES;
				CLANG_WARN_NON_LITERAL_NULL_CONVERSION = YES;
				CLANG_WARN_OBJC_LITERAL_CONVERSION = YES;
				CLANG_WARN_OBJC_ROOT_CLASS = YES_ERROR;
				CLANG_WARN_RANGE_LOOP_ANALYSIS = YES;
				CLANG_WARN_STRICT_PROTOTYPES = YES;
				CLANG_WARN_SUSPICIOUS_MOVE = YES;
				CLANG_WARN_UNGUARDED_AVAILABILITY = YES_AGGRESSIVE;
				CLANG_WARN_UNREACHABLE_CODE = YES;
				CLANG_WARN__DUPLICATE_METHOD_MATCH = YES;
				CODE_SIGN_IDENTITY = "iPhone Developer";
				COPY_PHASE_STRIP = NO;
				DEBUG_INFORMATION_FORMAT = "dwarf-with-dsym";
				ENABLE_NS_ASSERTIONS = NO;
				ENABLE_STRICT_OBJC_MSGSEND = YES;
				GCC_C_LANGUAGE_STANDARD = gnu11;
				GCC_NO_COMMON_BLOCKS = YES;
				GCC_WARN_64_TO_32_BIT_CONVERSION = YES;
				GCC_WARN_ABOUT_RETURN_TYPE = YES_ERROR;
				GCC_WARN_UNDECLARED_SELECTOR = YES;
				GCC_WARN_UNINITIALIZED_AUTOS = YES_AGGRESSIVE;
				GCC_WARN_UNUSED_FUNCTION = YES;
				GCC_WARN_UNUSED_VARIABLE = YES;
				IPHONEOS_DEPLOYMENT_TARGET = 11.0;
				MTL_ENABLE_DEBUG_INFO = NO;
				SDKROOT = iphoneos;
				SWIFT_OPTIMIZATION_LEVEL = "-Owholemodule";
				VALIDATE_PRODUCT = YES;
			};
			name = Release;
		};
		CA6C6B951F9BC23C0025933B /* Debug */ = {
			isa = XCBuildConfiguration;
			baseConfigurationReference = EABD5876B8DDE137F70E688D /* Pods-VIPTest.debug.xcconfig */;
			buildSettings = {
				ASSETCATALOG_COMPILER_APPICON_NAME = AppIcon;
				CODE_SIGN_STYLE = Automatic;
				DEVELOPMENT_TEAM = E7C7T5G6C6;
				INFOPLIST_FILE = VIPTest/Info.plist;
				LD_RUNPATH_SEARCH_PATHS = "$(inherited) @executable_path/Frameworks";
				PRODUCT_BUNDLE_IDENTIFIER = com.KoshelGROUP.VIPTest;
				PRODUCT_NAME = "$(TARGET_NAME)";
				SWIFT_VERSION = 4.0;
				TARGETED_DEVICE_FAMILY = "1,2";
			};
			name = Debug;
		};
		CA6C6B961F9BC23C0025933B /* Release */ = {
			isa = XCBuildConfiguration;
			baseConfigurationReference = 5BAA1EB021BDBC99D1EF7691 /* Pods-VIPTest.release.xcconfig */;
			buildSettings = {
				ASSETCATALOG_COMPILER_APPICON_NAME = AppIcon;
				CODE_SIGN_STYLE = Automatic;
				DEVELOPMENT_TEAM = E7C7T5G6C6;
				INFOPLIST_FILE = VIPTest/Info.plist;
				LD_RUNPATH_SEARCH_PATHS = "$(inherited) @executable_path/Frameworks";
				PRODUCT_BUNDLE_IDENTIFIER = com.KoshelGROUP.VIPTest;
				PRODUCT_NAME = "$(TARGET_NAME)";
				SWIFT_VERSION = 4.0;
				TARGETED_DEVICE_FAMILY = "1,2";
			};
			name = Release;
		};
/* End XCBuildConfiguration section */

/* Begin XCConfigurationList section */
		CA6C6B7A1F9BC23B0025933B /* Build configuration list for PBXProject "VIPTest" */ = {
			isa = XCConfigurationList;
			buildConfigurations = (
				CA6C6B921F9BC23C0025933B /* Debug */,
				CA6C6B931F9BC23C0025933B /* Release */,
			);
			defaultConfigurationIsVisible = 0;
			defaultConfigurationName = Release;
		};
		CA6C6B941F9BC23C0025933B /* Build configuration list for PBXNativeTarget "VIPTest" */ = {
			isa = XCConfigurationList;
			buildConfigurations = (
				CA6C6B951F9BC23C0025933B /* Debug */,
				CA6C6B961F9BC23C0025933B /* Release */,
			);
			defaultConfigurationIsVisible = 0;
			defaultConfigurationName = Release;
		};
/* End XCConfigurationList section */

/* Begin XCVersionGroup section */
		CA6C6B891F9BC23B0025933B /* VIPTest.xcdatamodeld */ = {
			isa = XCVersionGroup;
			children = (
				CA6C6B8A1F9BC23B0025933B /* VIPTest.xcdatamodel */,
			);
			currentVersion = CA6C6B8A1F9BC23B0025933B /* VIPTest.xcdatamodel */;
			path = VIPTest.xcdatamodeld;
			sourceTree = "<group>";
			versionGroupType = wrapper.xcdatamodel;
		};
/* End XCVersionGroup section */
	};
	rootObject = CA6C6B771F9BC23B0025933B /* Project object */;
}
