// !$*UTF8*$!
{
	archiveVersion = 1;
	classes = {
	};
	objectVersion = 48;
	objects = {

/* Begin PBXBuildFile section */
		CA6C6B831F9BC23B0025933B /* AppDelegate.swift in Sources */ = {isa = PBXBuildFile; fileRef = CA6C6B821F9BC23B0025933B /* AppDelegate.swift */; };
		CA6C6B851F9BC23B0025933B /* ViewController.swift in Sources */ = {isa = PBXBuildFile; fileRef = CA6C6B841F9BC23B0025933B /* ViewController.swift */; };
		CA6C6B881F9BC23B0025933B /* Main.storyboard in Resources */ = {isa = PBXBuildFile; fileRef = CA6C6B861F9BC23B0025933B /* Main.storyboard */; };
		CA6C6B8B1F9BC23B0025933B /* VIPTest.xcdatamodeld in Sources */ = {isa = PBXBuildFile; fileRef = CA6C6B891F9BC23B0025933B /* VIPTest.xcdatamodeld */; };
		CA6C6B8D1F9BC23C0025933B /* Assets.xcassets in Resources */ = {isa = PBXBuildFile; fileRef = CA6C6B8C1F9BC23C0025933B /* Assets.xcassets */; };
		CA6C6B901F9BC23C0025933B /* LaunchScreen.storyboard in Resources */ = {isa = PBXBuildFile; fileRef = CA6C6B8E1F9BC23C0025933B /* LaunchScreen.storyboard */; };
/* End PBXBuildFile section */

/* Begin PBXFileReference section */
		CA6C6B7F1F9BC23B0025933B /* VIPTest.app */ = {isa = PBXFileReference; explicitFileType = wrapper.application; includeInIndex = 0; path = VIPTest.app; sourceTree = BUILT_PRODUCTS_DIR; };
		CA6C6B821F9BC23B0025933B /* AppDelegate.swift */ = {isa = PBXFileReference; lastKnownFileType = sourcecode.swift; path = AppDelegate.swift; sourceTree = "<group>"; };
		CA6C6B841F9BC23B0025933B /* ViewController.swift */ = {isa = PBXFileReference; lastKnownFileType = sourcecode.swift; path = ViewController.swift; sourceTree = "<group>"; };
		CA6C6B871F9BC23B0025933B /* Base */ = {isa = PBXFileReference; lastKnownFileType = file.storyboard; name = Base; path = Base.lproj/Main.storyboard; sourceTree = "<group>"; };
		CA6C6B8A1F9BC23B0025933B /* VIPTest.xcdatamodel */ = {isa = PBXFileReference; lastKnownFileType = wrapper.xcdatamodel; path = VIPTest.xcdatamodel; sourceTree = "<group>"; };
		CA6C6B8C1F9BC23C0025933B /* Assets.xcassets */ = {isa = PBXFileReference; lastKnownFileType = folder.assetcatalog; path = Assets.xcassets; sourceTree = "<group>"; };
		CA6C6B8F1F9BC23C0025933B /* Base */ = {isa = PBXFileReference; lastKnownFileType = file.storyboard; name = Base; path = Base.lproj/LaunchScreen.storyboard; sourceTree = "<group>"; };
		CA6C6B911F9BC23C0025933B /* Info.plist */ = {isa = PBXFileReference; lastKnownFileType = text.plist.xml; path = Info.plist; sourceTree = "<group>"; };
/* End PBXFileReference section */

/* Begin PBXFrameworksBuildPhase section */
		CA6C6B7C1F9BC23B0025933B /* Frameworks */ = {
			isa = PBXFrameworksBuildPhase;
			buildActionMask = 2147483647;
			files = (
			);
			runOnlyForDeploymentPostprocessing = 0;
		};
/* End PBXFrameworksBuildPhase section */

/* Begin PBXGroup section */
		CA6C6B761F9BC23B0025933B = {
			isa = PBXGroup;
			children = (
				CA6C6B811F9BC23B0025933B /* VIPTest */,
				CA6C6B801F9BC23B0025933B /* Products */,
			);
			sourceTree = "<group>";
		};
		CA6C6B801F9BC23B0025933B /* Products */ = {
			isa = PBXGroup;
			children = (
				CA6C6B7F1F9BC23B0025933B /* VIPTest.app */,
			);
			name = Products;
			sourceTree = "<group>";
		};
		CA6C6B811F9BC23B0025933B /* VIPTest */ = {
			isa = PBXGroup;
			children = (
				CA6C6B821F9BC23B0025933B /* AppDelegate.swift */,
				CA6C6B841F9BC23B0025933B /* ViewController.swift */,
				CA6C6B861F9BC23B0025933B /* Main.storyboard */,
				CA6C6B8C1F9BC23C0025933B /* Assets.xcassets */,
				CA6C6B8E1F9BC23C0025933B /* LaunchScreen.storyboard */,
				CA6C6B911F9BC23C0025933B /* Info.plist */,
				CA6C6B891F9BC23B0025933B /* VIPTest.xcdatamodeld */,
			);
			path = VIPTest;
			sourceTree = "<group>";
		};
/* End PBXGroup section */

/* Begin PBXNativeTarget section */
		CA6C6B7E1F9BC23B0025933B /* VIPTest */ = {
			isa = PBXNativeTarget;
			buildConfigurationList = CA6C6B941F9BC23C0025933B /* Build configuration list for PBXNativeTarget "VIPTest" */;
			buildPhases = (
				CA6C6B7B1F9BC23B0025933B /* Sources */,
				CA6C6B7C1F9BC23B0025933B /* Frameworks */,
				CA6C6B7D1F9BC23B0025933B /* Resources */,
			);
			buildRules = (
			);
			dependencies = (
			);
			name = VIPTest;
			productName = VIPTest;
			productReference = CA6C6B7F1F9BC23B0025933B /* VIPTest.app */;
			productType = "com.apple.product-type.application";
		};
/* End PBXNativeTarget section */

/* Begin PBXProject section */
		CA6C6B771F9BC23B0025933B /* Project object */ = {
			isa = PBXProject;
			attributes = {
				LastSwiftUpdateCheck = 0900;
				LastUpgradeCheck = 0900;
				ORGANIZATIONNAME = KoshelGROUP;
				TargetAttributes = {
					CA6C6B7E1F9BC23B0025933B = {
						CreatedOnToolsVersion = 9.0;
						ProvisioningStyle = Automatic;
					};
				};
			};
			buildConfigurationList = CA6C6B7A1F9BC23B0025933B /* Build configuration list for PBXProject "VIPTest" */;
			compatibilityVersion = "Xcode 8.0";
			developmentRegion = en;
			hasScannedForEncodings = 0;
			knownRegions = (
				en,
				Base,
			);
			mainGroup = CA6C6B761F9BC23B0025933B;
			productRefGroup = CA6C6B801F9BC23B0025933B /* Products */;
			projectDirPath = "";
			projectRoot = "";
			targets = (
				CA6C6B7E1F9BC23B0025933B /* VIPTest */,
			);
		};
/* End PBXProject section */

/* Begin PBXResourcesBuildPhase section */
		CA6C6B7D1F9BC23B0025933B /* Resources */ = {
			isa = PBXResourcesBuildPhase;
			buildActionMask = 2147483647;
			files = (
				CA6C6B901F9BC23C0025933B /* LaunchScreen.storyboard in Resources */,
				CA6C6B8D1F9BC23C0025933B /* Assets.xcassets in Resources */,
				CA6C6B881F9BC23B0025933B /* Main.storyboard in Resources */,
			);
			runOnlyForDeploymentPostprocessing = 0;
		};
/* End PBXResourcesBuildPhase section */

/* Begin PBXSourcesBuildPhase section */
		CA6C6B7B1F9BC23B0025933B /* Sources */ = {
			isa = PBXSourcesBuildPhase;
			buildActionMask = 2147483647;
			files = (
				CA6C6B851F9BC23B0025933B /* ViewController.swift in Sources */,
				CA6C6B831F9BC23B0025933B /* AppDelegate.swift in Sources */,
				CA6C6B8B1F9BC23B0025933B /* VIPTest.xcdatamodeld in Sources */,
			);
			runOnlyForDeploymentPostprocessing = 0;
		};
/* End PBXSourcesBuildPhase section */

/* Begin PBXVariantGroup section */
		CA6C6B861F9BC23B0025933B /* Main.storyboard */ = {
			isa = PBXVariantGroup;
			children = (
				CA6C6B871F9BC23B0025933B /* Base */,
			);
			name = Main.storyboard;
			sourceTree = "<group>";
		};
		CA6C6B8E1F9BC23C0025933B /* LaunchScreen.storyboard */ = {
			isa = PBXVariantGroup;
			children = (
				CA6C6B8F1F9BC23C0025933B /* Base */,
			);
			name = LaunchScreen.storyboard;
			sourceTree = "<group>";
		};
/* End PBXVariantGroup section */

/* Begin XCBuildConfiguration section */
		CA6C6B921F9BC23C0025933B /* Debug */ = {
			isa = XCBuildConfiguration;
			buildSettings = {
				ALWAYS_SEARCH_USER_PATHS = NO;
				CLANG_ANALYZER_NONNULL = YES;
				CLANG_ANALYZER_NUMBER_OBJECT_CONVERSION = YES_AGGRESSIVE;
				CLANG_CXX_LANGUAGE_STANDARD = "gnu++14";
				CLANG_CXX_LIBRARY = "libc++";
				CLANG_ENABLE_MODULES = YES;
				CLANG_ENABLE_OBJC_ARC = YES;
				CLANG_WARN_BLOCK_CAPTURE_AUTORELEASING = YES;
				CLANG_WARN_BOOL_CONVERSION = YES;
				CLANG_WARN_COMMA = YES;
				CLANG_WARN_CONSTANT_CONVERSION = YES;
				CLANG_WARN_DIRECT_OBJC_ISA_USAGE = YES_ERROR;
				CLANG_WARN_DOCUMENTATION_COMMENTS = YES;
				CLANG_WARN_EMPTY_BODY = YES;
				CLANG_WARN_ENUM_CONVERSION = YES;
				CLANG_WARN_INFINITE_RECURSION = YES;
				CLANG_WARN_INT_CONVERSION = YES;
				CLANG_WARN_NON_LITERAL_NULL_CONVERSION = YES;
				CLANG_WARN_OBJC_LITERAL_CONVERSION = YES;
				CLANG_WARN_OBJC_ROOT_CLASS = YES_ERROR;
				CLANG_WARN_RANGE_LOOP_ANALYSIS = YES;
				CLANG_WARN_STRICT_PROTOTYPES = YES;
				CLANG_WARN_SUSPICIOUS_MOVE = YES;
				CLANG_WARN_UNGUARDED_AVAILABILITY = YES_AGGRESSIVE;
				CLANG_WARN_UNREACHABLE_CODE = YES;
				CLANG_WARN__DUPLICATE_METHOD_MATCH = YES;
				CODE_SIGN_IDENTITY = "iPhone Developer";
				COPY_PHASE_STRIP = NO;
				DEBUG_INFORMATION_FORMAT = dwarf;
				ENABLE_STRICT_OBJC_MSGSEND = YES;
				ENABLE_TESTABILITY = YES;
				GCC_C_LANGUAGE_STANDARD = gnu11;
				GCC_DYNAMIC_NO_PIC = NO;
				GCC_NO_COMMON_BLOCKS = YES;
				GCC_OPTIMIZATION_LEVEL = 0;
				GCC_PREPROCESSOR_DEFINITIONS = (
					"DEBUG=1",
					"$(inherited)",
				);
				GCC_WARN_64_TO_32_BIT_CONVERSION = YES;
				GCC_WARN_ABOUT_RETURN_TYPE = YES_ERROR;
				GCC_WARN_UNDECLARED_SELECTOR = YES;
				GCC_WARN_UNINITIALIZED_AUTOS = YES_AGGRESSIVE;
				GCC_WARN_UNUSED_FUNCTION = YES;
				GCC_WARN_UNUSED_VARIABLE = YES;
				IPHONEOS_DEPLOYMENT_TARGET = 11.0;
				MTL_ENABLE_DEBUG_INFO = YES;
				ONLY_ACTIVE_ARCH = YES;
				SDKROOT = iphoneos;
				SWIFT_ACTIVE_COMPILATION_CONDITIONS = DEBUG;
				SWIFT_OPTIMIZATION_LEVEL = "-Onone";
			};
			name = Debug;
		};
		CA6C6B931F9BC23C0025933B /* Release */ = {
			isa = XCBuildConfiguration;
			buildSettings = {
				ALWAYS_SEARCH_USER_PATHS = NO;
				CLANG_ANALYZER_NONNULL = YES;
				CLANG_ANALYZER_NUMBER_OBJECT_CONVERSION = YES_AGGRESSIVE;
				CLANG_CXX_LANGUAGE_STANDARD = "gnu++14";
				CLANG_CXX_LIBRARY = "libc++";
				CLANG_ENABLE_MODULES = YES;
				CLANG_ENABLE_OBJC_ARC = YES;
				CLANG_WARN_BLOCK_CAPTURE_AUTORELEASING = YES;
				CLANG_WARN_BOOL_CONVERSION = YES;
				CLANG_WARN_COMMA = YES;
				CLANG_WARN_CONSTANT_CONVERSION = YES;
				CLANG_WARN_DIRECT_OBJC_ISA_USAGE = YES_ERROR;
				CLANG_WARN_DOCUMENTATION_COMMENTS = YES;
				CLANG_WARN_EMPTY_BODY = YES;
				CLANG_WARN_ENUM_CONVERSION = YES;
				CLANG_WARN_INFINITE_RECURSION = YES;
				CLANG_WARN_INT_CONVERSION = YES;
				CLANG_WARN_NON_LITERAL_NULL_CONVERSION = YES;
				CLANG_WARN_OBJC_LITERAL_CONVERSION = YES;
				CLANG_WARN_OBJC_ROOT_CLASS = YES_ERROR;
				CLANG_WARN_RANGE_LOOP_ANALYSIS = YES;
				CLANG_WARN_STRICT_PROTOTYPES = YES;
				CLANG_WARN_SUSPICIOUS_MOVE = YES;
				CLANG_WARN_UNGUARDED_AVAILABILITY = YES_AGGRESSIVE;
				CLANG_WARN_UNREACHABLE_CODE = YES;
				CLANG_WARN__DUPLICATE_METHOD_MATCH = YES;
				CODE_SIGN_IDENTITY = "iPhone Developer";
				COPY_PHASE_STRIP = NO;
				DEBUG_INFORMATION_FORMAT = "dwarf-with-dsym";
				ENABLE_NS_ASSERTIONS = NO;
				ENABLE_STRICT_OBJC_MSGSEND = YES;
				GCC_C_LANGUAGE_STANDARD = gnu11;
				GCC_NO_COMMON_BLOCKS = YES;
				GCC_WARN_64_TO_32_BIT_CONVERSION = YES;
				GCC_WARN_ABOUT_RETURN_TYPE = YES_ERROR;
				GCC_WARN_UNDECLARED_SELECTOR = YES;
				GCC_WARN_UNINITIALIZED_AUTOS = YES_AGGRESSIVE;
				GCC_WARN_UNUSED_FUNCTION = YES;
				GCC_WARN_UNUSED_VARIABLE = YES;
				IPHONEOS_DEPLOYMENT_TARGET = 11.0;
				MTL_ENABLE_DEBUG_INFO = NO;
				SDKROOT = iphoneos;
				SWIFT_OPTIMIZATION_LEVEL = "-Owholemodule";
				VALIDATE_PRODUCT = YES;
			};
			name = Release;
		};
		CA6C6B951F9BC23C0025933B /* Debug */ = {
			isa = XCBuildConfiguration;
			buildSettings = {
				ASSETCATALOG_COMPILER_APPICON_NAME = AppIcon;
				CODE_SIGN_STYLE = Automatic;
				DEVELOPMENT_TEAM = E7C7T5G6C6;
				INFOPLIST_FILE = VIPTest/Info.plist;
				LD_RUNPATH_SEARCH_PATHS = "$(inherited) @executable_path/Frameworks";
				PRODUCT_BUNDLE_IDENTIFIER = com.KoshelGROUP.VIPTest;
				PRODUCT_NAME = "$(TARGET_NAME)";
				SWIFT_VERSION = 4.0;
				TARGETED_DEVICE_FAMILY = "1,2";
			};
			name = Debug;
		};
		CA6C6B961F9BC23C0025933B /* Release */ = {
			isa = XCBuildConfiguration;
			buildSettings = {
				ASSETCATALOG_COMPILER_APPICON_NAME = AppIcon;
				CODE_SIGN_STYLE = Automatic;
				DEVELOPMENT_TEAM = E7C7T5G6C6;
				INFOPLIST_FILE = VIPTest/Info.plist;
				LD_RUNPATH_SEARCH_PATHS = "$(inherited) @executable_path/Frameworks";
				PRODUCT_BUNDLE_IDENTIFIER = com.KoshelGROUP.VIPTest;
				PRODUCT_NAME = "$(TARGET_NAME)";
				SWIFT_VERSION = 4.0;
				TARGETED_DEVICE_FAMILY = "1,2";
			};
			name = Release;
		};
/* End XCBuildConfiguration section */

/* Begin XCConfigurationList section */
		CA6C6B7A1F9BC23B0025933B /* Build configuration list for PBXProject "VIPTest" */ = {
			isa = XCConfigurationList;
			buildConfigurations = (
				CA6C6B921F9BC23C0025933B /* Debug */,
				CA6C6B931F9BC23C0025933B /* Release */,
			);
			defaultConfigurationIsVisible = 0;
			defaultConfigurationName = Release;
		};
		CA6C6B941F9BC23C0025933B /* Build configuration list for PBXNativeTarget "VIPTest" */ = {
			isa = XCConfigurationList;
			buildConfigurations = (
				CA6C6B951F9BC23C0025933B /* Debug */,
				CA6C6B961F9BC23C0025933B /* Release */,
			);
			defaultConfigurationIsVisible = 0;
			defaultConfigurationName = Release;
		};
/* End XCConfigurationList section */

/* Begin XCVersionGroup section */
		CA6C6B891F9BC23B0025933B /* VIPTest.xcdatamodeld */ = {
			isa = XCVersionGroup;
			children = (
				CA6C6B8A1F9BC23B0025933B /* VIPTest.xcdatamodel */,
			);
			currentVersion = CA6C6B8A1F9BC23B0025933B /* VIPTest.xcdatamodel */;
			path = VIPTest.xcdatamodeld;
			sourceTree = "<group>";
			versionGroupType = wrapper.xcdatamodel;
		};
/* End XCVersionGroup section */
	};
	rootObject = CA6C6B771F9BC23B0025933B /* Project object */;
}
